# THIS IS AN AUTOGENERATED FILE. DO NOT EDIT THIS FILE DIRECTLY.
# yarn lockfile v1


"@types/prop-types@*":
  version "15.7.12"
  resolved "https://registry.yarnpkg.com/@types/prop-types/-/prop-types-15.7.12.tgz#12bb1e2be27293c1406acb6af1c3f3a1481d98c6"
  integrity sha512-5zvhXYtRNRluoE/jAp4GVsSduVUzNWKkOZrCDBWYtE7biZywwdC2AcEzg+cSMLFRfVgeAFqpfNabiPjxFddV1Q==

"@types/react-native-vector-icons@^6.4.18":
  version "6.4.18"
  resolved "https://registry.yarnpkg.com/@types/react-native-vector-icons/-/react-native-vector-icons-6.4.18.tgz#18671c617b9d0958747bc959903470dde91a8c79"
  integrity sha512-YGlNWb+k5laTBHd7+uZowB9DpIK3SXUneZqAiKQaj1jnJCZM0x71GDim5JCTMi4IFkhc9m8H/Gm28T5BjyivUw==
  dependencies:
    "@types/react" "*"
    "@types/react-native" "^0.70"

"@types/react-native@^0.70":
  version "0.70.19"
  resolved "https://registry.yarnpkg.com/@types/react-native/-/react-native-0.70.19.tgz#b4e651dcf7f49c69ff3a4c3072584cad93155582"
  integrity sha512-c6WbyCgWTBgKKMESj/8b4w+zWcZSsCforson7UdXtXMecG3MxCinYi6ihhrHVPyUrVzORsvEzK8zg32z4pK6Sg==
  dependencies:
    "@types/react" "*"

"@types/react@*":
  version "18.2.79"
  resolved "https://registry.yarnpkg.com/@types/react/-/react-18.2.79.tgz#c40efb4f255711f554d47b449f796d1c7756d865"
  integrity sha512-RwGAGXPl9kSXwdNTafkOEuFrTBD5SA2B3iEB96xi8+xu5ddUa/cpvyVCSNn+asgLCTHkb5ZxN8gbuibYJi4s1w==
  dependencies:
    "@types/prop-types" "*"
    csstype "^3.0.2"

csstype@^3.0.2:
  version "3.1.3"
  resolved "https://registry.yarnpkg.com/csstype/-/csstype-3.1.3.tgz#d80ff294d114fb0e6ac500fbf85b60137d7eff81"
  integrity sha512-M1uQkMl8rQK/szD0LNhtqxIPLpimGm8sOBwU7lLnCpSbTyY3yeU1Vc7l4KT5zT4s/yOxHH5O7tIuuLOCnLADRw==
